{
  "pins" : [
    {
      "identity" : "ihprogresshud",
      "kind" : "remoteSourceControl",
      "location" : "https://github.com/Swiftify-Corp/IHProgressHUD.git",
      "state" : {
        "revision" : "c3e0cf90ba1b310073e841de7dc6ef0a2d4899e2",
        "version" : "0.1.8"
      }
    },
    {
      "identity" : "reachability.swift",
      "kind" : "remoteSourceControl",
      "location" : "https://github.com/ashleymills/Reachability.swift",
      "state" : {
        "revision" : "c01bbdf2d633cf049ae1ed1a68a2020a8bda32e2",
        "version" : "5.1.0"
      }
    },
    {
      "identity" : "realm-core",
      "kind" : "remoteSourceControl",
      "location" : "https://github.com/realm/realm-core",
      "state" : {
        "revision" : "d97eed3ae7dff2f2e2ffbda83fa8f3b8c445c6ba",
        "version" : "11.17.0"
      }
    },
    {
      "identity" : "realm-swift",
      "kind" : "remoteSourceControl",
      "location" : "https://github.com/realm/realm-swift.git",
      "state" : {
        "revision" : "7f123e48ec12926bb5080e449df360127ee0352d",
        "version" : "10.26.0"
      }
    }
  ],
  "version" : 2
}
